
Microsoft Visual Studio Solution File, Format Version 11.00
# Visual Studio 2010
Project("{FAE04EC0-301F-11D3-BF4B-00C04F79EFBC}") = "BreakalegConsole", "BreakalegConsole\BreakalegConsole.csproj", "{DC29ED2E-A884-4F7C-BC80-356B0C7CBAB3}"
EndProject
Project("{FAE04EC0-301F-11D3-BF4B-00C04F79EFBC}") = "BreakalegTests", "BreakalegTests\BreakalegTests.csproj", "{BCCB83BB-6D25-4B90-8C45-77E0B0F86A41}"
EndProject
Project("{2150E333-8FDC-42A3-9474-1A3956D46DE8}") = "Solution Items", "Solution Items", "{4EDCC309-B00C-4231-A3C4-D322F720A25E}"
	ProjectSection(SolutionItems) = preProject
		Breakaleg.vsmdi = Breakaleg.vsmdi
		Local.testsettings = Local.testsettings
		TraceAndTestImpact.testsettings = TraceAndTestImpact.testsettings
	EndProjectSection
EndProject
Project("{FAE04EC0-301F-11D3-BF4B-00C04F79EFBC}") = "BreakalegCore", "BreakalegCore\BreakalegCore.csproj", "{070C7140-DC5A-448B-B881-D679B2F80D5B}"
EndProject
Global
	GlobalSection(TestCaseManagementSettings) = postSolution
		CategoryFile = Breakaleg.vsmdi
	EndGlobalSection
	GlobalSection(SolutionConfigurationPlatforms) = preSolution
		Debug|Any CPU = Debug|Any CPU
		Debug|Mixed Platforms = Debug|Mixed Platforms
		Debug|x86 = Debug|x86
		Release|Any CPU = Release|Any CPU
		Release|Mixed Platforms = Release|Mixed Platforms
		Release|x86 = Release|x86
	EndGlobalSection
	GlobalSection(ProjectConfigurationPlatforms) = postSolution
		{DC29ED2E-A884-4F7C-BC80-356B0C7CBAB3}.Debug|Any CPU.ActiveCfg = Debug|x86
		{DC29ED2E-A884-4F7C-BC80-356B0C7CBAB3}.Debug|Mixed Platforms.ActiveCfg = Debug|x86
		{DC29ED2E-A884-4F7C-BC80-356B0C7CBAB3}.Debug|Mixed Platforms.Build.0 = Debug|x86
		{DC29ED2E-A884-4F7C-BC80-356B0C7CBAB3}.Debug|x86.ActiveCfg = Debug|x86
		{DC29ED2E-A884-4F7C-BC80-356B0C7CBAB3}.Debug|x86.Build.0 = Debug|x86
		{DC29ED2E-A884-4F7C-BC80-356B0C7CBAB3}.Release|Any CPU.ActiveCfg = Release|x86
		{DC29ED2E-A884-4F7C-BC80-356B0C7CBAB3}.Release|Mixed Platforms.ActiveCfg = Release|x86
		{DC29ED2E-A884-4F7C-BC80-356B0C7CBAB3}.Release|Mixed Platforms.Build.0 = Release|x86
		{DC29ED2E-A884-4F7C-BC80-356B0C7CBAB3}.Release|x86.ActiveCfg = Release|x86
		{DC29ED2E-A884-4F7C-BC80-356B0C7CBAB3}.Release|x86.Build.0 = Release|x86
		{BCCB83BB-6D25-4B90-8C45-77E0B0F86A41}.Debug|Any CPU.ActiveCfg = Debug|Any CPU
		{BCCB83BB-6D25-4B90-8C45-77E0B0F86A41}.Debug|Any CPU.Build.0 = Debug|Any CPU
		{BCCB83BB-6D25-4B90-8C45-77E0B0F86A41}.Debug|Mixed Platforms.ActiveCfg = Debug|Any CPU
		{BCCB83BB-6D25-4B90-8C45-77E0B0F86A41}.Debug|Mixed Platforms.Build.0 = Debug|Any CPU
		{BCCB83BB-6D25-4B90-8C45-77E0B0F86A41}.Debug|x86.ActiveCfg = Debug|Any CPU
		{BCCB83BB-6D25-4B90-8C45-77E0B0F86A41}.Release|Any CPU.ActiveCfg = Release|Any CPU
		{BCCB83BB-6D25-4B90-8C45-77E0B0F86A41}.Release|Any CPU.Build.0 = Release|Any CPU
		{BCCB83BB-6D25-4B90-8C45-77E0B0F86A41}.Release|Mixed Platforms.ActiveCfg = Release|Any CPU
		{BCCB83BB-6D25-4B90-8C45-77E0B0F86A41}.Release|Mixed Platforms.Build.0 = Release|Any CPU
		{BCCB83BB-6D25-4B90-8C45-77E0B0F86A41}.Release|x86.ActiveCfg = Release|Any CPU
		{070C7140-DC5A-448B-B881-D679B2F80D5B}.Debug|Any CPU.ActiveCfg = Debug|Any CPU
		{070C7140-DC5A-448B-B881-D679B2F80D5B}.Debug|Any CPU.Build.0 = Debug|Any CPU
		{070C7140-DC5A-448B-B881-D679B2F80D5B}.Debug|Mixed Platforms.ActiveCfg = Debug|Any CPU
		{070C7140-DC5A-448B-B881-D679B2F80D5B}.Debug|Mixed Platforms.Build.0 = Debug|Any CPU
		{070C7140-DC5A-448B-B881-D679B2F80D5B}.Debug|x86.ActiveCfg = Debug|Any CPU
		{070C7140-DC5A-448B-B881-D679B2F80D5B}.Release|Any CPU.ActiveCfg = Release|Any CPU
		{070C7140-DC5A-448B-B881-D679B2F80D5B}.Release|Any CPU.Build.0 = Release|Any CPU
		{070C7140-DC5A-448B-B881-D679B2F80D5B}.Release|Mixed Platforms.ActiveCfg = Release|Any CPU
		{070C7140-DC5A-448B-B881-D679B2F80D5B}.Release|Mixed Platforms.Build.0 = Release|Any CPU
		{070C7140-DC5A-448B-B881-D679B2F80D5B}.Release|x86.ActiveCfg = Release|Any CPU
	EndGlobalSection
	GlobalSection(SolutionProperties) = preSolution
		HideSolutionNode = FALSE
	EndGlobalSection
EndGlobal
